{
  "version": 4,
  "terraform_version": "1.14.6",
  "serial": 25,
  "lineage": "e4179dee-1583-1c63-685a-c8be7fa234ee",
  "outputs": {
    "api_url": {
      "value": "http://147.15.84.52:8080/api/v1",
      "type": "string"
    },
    "frontend_url": {
      "value": "http://147.15.84.52:3000",
      "type": "string"
    },
    "instance_public_ip": {
      "value": "147.15.84.52",
      "type": "string"
    },
    "ssh_command": {
      "value": "ssh -i ~/.ssh/oci_key ubuntu@147.15.84.52",
      "type": "string"
    },
    "ssh_private_key": {
      "value": "",
      "type": "string",
      "sensitive": true
    }
  },
  "resources": [
    {
      "mode": "data",
      "type": "oci_core_images",
      "name": "ubuntu",
      "provider": "provider[\"registry.terraform.io/oracle/oci\"]",
      "instances": [
        {
          "schema_version": 0,
          "attributes": {
            "compartment_id": "ocid1.tenancy.oc1..aaaaaaaa3wdvrobn2k7rjh6wjyvv5xdnihdvqiylhsnq3acsjdeh4kpnutua",
            "display_name": null,
            "filter": null,
            "id": "CoreImagesDataSource-3174829493",
            "images": [
              {
                "agent_features": [],
                "base_image_id": "",
                "billable_size_in_gbs": "3",
                "compartment_id": "",
                "create_image_allowed": true,
                "defined_tags": {},
                "display_name": "Canonical-Ubuntu-22.04-2026.04.30-1",
                "freeform_tags": {},
                "id": "ocid1.image.oc1.sa-saopaulo-1.aaaaaaaa2virbsrj3q6sabzgnucegdrgqspk5zaj7ijqfckhln5yssfke4da",
                "image_source_details": [],
                "instance_id": "",
                "launch_mode": "NATIVE",
                "launch_options": [
                  {
                    "boot_volume_type": "PARAVIRTUALIZED",
                    "firmware": "UEFI_64",
                    "is_consistent_volume_naming_enabled": true,
                    "is_pv_encryption_in_transit_enabled": true,
                    "network_type": "PARAVIRTUALIZED",
                    "remote_data_volume_type": "PARAVIRTUALIZED"
                  }
                ],
                "listing_type": "",
                "operating_system": "Canonical Ubuntu",
                "operating_system_version": "22.04",
                "size_in_mbs": "47694",
                "state": "AVAILABLE",
                "time_created": "2026-05-06 02:23:59.379 +0000 UTC"
              },
              {
                "agent_features": [],
                "base_image_id": "",
                "billable_size_in_gbs": "3",
                "compartment_id": "",
                "create_image_allowed": true,
                "defined_tags": {},
                "display_name": "Canonical-Ubuntu-22.04-2026.03.31-0",
                "freeform_tags": {},
                "id": "ocid1.image.oc1.sa-saopaulo-1.aaaaaaaa7u66p4in2d6zo7xgt7cxqkac2kdo3wkb7senj7xfpucv2f4anooa",
                "image_source_details": [],
                "instance_id": "",
                "launch_mode": "NATIVE",
                "launch_options": [
                  {
                    "boot_volume_type": "PARAVIRTUALIZED",
                    "firmware": "UEFI_64",
                    "is_consistent_volume_naming_enabled": true,
                    "is_pv_encryption_in_transit_enabled": true,
                    "network_type": "PARAVIRTUALIZED",
                    "remote_data_volume_type": "PARAVIRTUALIZED"
                  }
                ],
                "listing_type": "",
                "operating_system": "Canonical Ubuntu",
                "operating_system_version": "22.04",
                "size_in_mbs": "47694",
                "state": "AVAILABLE",
                "time_created": "2026-04-22 15:40:24.249 +0000 UTC"
              },
              {
                "agent_features": [],
                "base_image_id": "",
                "billable_size_in_gbs": "3",
                "compartment_id": "",
                "create_image_allowed": true,
                "defined_tags": {},
                "display_name": "Canonical-Ubuntu-22.04-2026.02.28-0",
                "freeform_tags": {},
                "id": "ocid1.image.oc1.sa-saopaulo-1.aaaaaaaagbb3ikg7maknou7bnigb34coc3hbgthknlfluaj4qypvnxkexsba",
                "image_source_details": [],
                "instance_id": "",
                "launch_mode": "NATIVE",
                "launch_options": [
                  {
                    "boot_volume_type": "PARAVIRTUALIZED",
                    "firmware": "UEFI_64",
                    "is_consistent_volume_naming_enabled": true,
                    "is_pv_encryption_in_transit_enabled": true,
                    "network_type": "PARAVIRTUALIZED",
                    "remote_data_volume_type": "PARAVIRTUALIZED"
                  }
                ],
                "listing_type": "",
                "operating_system": "Canonical Ubuntu",
                "operating_system_version": "22.04",
                "size_in_mbs": "47694",
                "state": "AVAILABLE",
                "time_created": "2026-03-04 22:45:23.238 +0000 UTC"
              }
            ],
            "operating_system": "Canonical Ubuntu",
            "operating_system_version": "22.04",
            "shape": "VM.Standard.E2.1.Micro",
            "sort_by": "TIMECREATED",
            "sort_order": "DESC",
            "state": null
          },
          "sensitive_attributes": [],
          "identity_schema_version": 0
        }
      ]
    },
    {
      "mode": "data",
      "type": "oci_identity_availability_domains",
      "name": "ads",
      "provider": "provider[\"registry.terraform.io/oracle/oci\"]",
      "instances": [
        {
          "schema_version": 0,
          "attributes": {
            "availability_domains": [
              {
                "compartment_id": "ocid1.tenancy.oc1..aaaaaaaa3wdvrobn2k7rjh6wjyvv5xdnihdvqiylhsnq3acsjdeh4kpnutua",
                "id": "ocid1.availabilitydomain.oc1..aaaaaaaay5nesbty7quxigdwtp7axotkcglzi43jvfrnwvbv4dgjerqwxf5a",
                "name": "HRgG:SA-SAOPAULO-1-AD-1"
              }
            ],
            "compartment_id": "ocid1.tenancy.oc1..aaaaaaaa3wdvrobn2k7rjh6wjyvv5xdnihdvqiylhsnq3acsjdeh4kpnutua",
            "filter": null,
            "id": "IdentityAvailabilityDomainsDataSource-3261357860"
          },
          "sensitive_attributes": [],
          "identity_schema_version": 0
        }
      ]
    },
    {
      "mode": "managed",
      "type": "oci_core_security_list",
      "name": "cloudbuilder",
      "provider": "provider[\"registry.terraform.io/oracle/oci\"]",
      "instances": [
        {
          "schema_version": 0,
          "attributes": {
            "compartment_id": "ocid1.tenancy.oc1..aaaaaaaa3wdvrobn2k7rjh6wjyvv5xdnihdvqiylhsnq3acsjdeh4kpnutua",
            "defined_tags": {
              "Oracle-Tags.CreatedBy": "default/mateusalvesbassanelli@gmail.com",
              "Oracle-Tags.CreatedOn": "2026-07-08T20:44:36.378Z"
            },
            "display_name": "cloudbuilder-sl",
            "egress_security_rules": [
              {
                "description": "",
                "destination": "0.0.0.0/0",
                "destination_type": "CIDR_BLOCK",
                "icmp_options": [],
                "protocol": "all",
                "stateless": false,
                "tcp_options": [],
                "udp_options": []
              }
            ],
            "freeform_tags": {},
            "id": "ocid1.securitylist.oc1.sa-saopaulo-1.aaaaaaaahdmbev7cub35iu753qgafcvbzq3bhierpprbs6ak5gukowahoula",
            "ingress_security_rules": [
              {
                "description": "",
                "icmp_options": [],
                "protocol": "17",
                "source": "0.0.0.0/0",
                "source_type": "CIDR_BLOCK",
                "stateless": false,
                "tcp_options": [],
                "udp_options": [
                  {
                    "max": 8765,
                    "min": 8765,
                    "source_port_range": []
                  }
                ]
              },
              {
                "description": "",
                "icmp_options": [],
                "protocol": "6",
                "source": "0.0.0.0/0",
                "source_type": "CIDR_BLOCK",
                "stateless": false,
                "tcp_options": [
                  {
                    "max": 22,
                    "min": 22,
                    "source_port_range": []
                  }
                ],
                "udp_options": []
              },
              {
                "description": "",
                "icmp_options": [],
                "protocol": "6",
                "source": "0.0.0.0/0",
                "source_type": "CIDR_BLOCK",
                "stateless": false,
                "tcp_options": [
                  {
                    "max": 3000,
                    "min": 3000,
                    "source_port_range": []
                  }
                ],
                "udp_options": []
              },
              {
                "description": "",
                "icmp_options": [],
                "protocol": "6",
                "source": "0.0.0.0/0",
                "source_type": "CIDR_BLOCK",
                "stateless": false,
                "tcp_options": [
                  {
                    "max": 443,
                    "min": 443,
                    "source_port_range": []
                  }
                ],
                "udp_options": []
              },
              {
                "description": "",
                "icmp_options": [],
                "protocol": "6",
                "source": "0.0.0.0/0",
                "source_type": "CIDR_BLOCK",
                "stateless": false,
                "tcp_options": [
                  {
                    "max": 80,
                    "min": 80,
                    "source_port_range": []
                  }
                ],
                "udp_options": []
              },
              {
                "description": "",
                "icmp_options": [],
                "protocol": "6",
                "source": "0.0.0.0/0",
                "source_type": "CIDR_BLOCK",
                "stateless": false,
                "tcp_options": [
                  {
                    "max": 8765,
                    "min": 8765,
                    "source_port_range": []
                  }
                ],
                "udp_options": []
              }
            ],
            "state": "AVAILABLE",
            "time_created": "2026-07-08 20:44:36.411 +0000 UTC",
            "timeouts": null,
            "vcn_id": "ocid1.vcn.oc1.sa-saopaulo-1.amaaaaaa5m3zpcaaqxj7e2zejw7zvvijphcfickjr4ump565b32s4vgwtrnq"
          },
          "sensitive_attributes": [],
          "identity_schema_version": 0,
          "private": "eyJlMmJmYjczMC1lY2FhLTExZTYtOGY4OC0zNDM2M2JjN2M0YzAiOnsiY3JlYXRlIjoxMjAwMDAwMDAwMDAwLCJkZWxldGUiOjEyMDAwMDAwMDAwMDAsInVwZGF0ZSI6MTIwMDAwMDAwMDAwMH19",
          "dependencies": [
            "oci_core_vcn.cloudbuilder"
          ]
        }
      ]
    },
    {
      "mode": "managed",
      "type": "oci_core_subnet",
      "name": "cloudbuilder",
      "provider": "provider[\"registry.terraform.io/oracle/oci\"]",
      "instances": [
        {
          "schema_version": 0,
          "attributes": {
            "availability_domain": "HRgG:SA-SAOPAULO-1-AD-1",
            "cidr_block": "10.0.10.0/24",
            "compartment_id": "ocid1.tenancy.oc1..aaaaaaaa3wdvrobn2k7rjh6wjyvv5xdnihdvqiylhsnq3acsjdeh4kpnutua",
            "defined_tags": {
              "Oracle-Tags.CreatedBy": "default/mateusalvesbassanelli@gmail.com",
              "Oracle-Tags.CreatedOn": "2026-07-08T20:45:00.501Z"
            },
            "dhcp_options_id": "ocid1.dhcpoptions.oc1.sa-saopaulo-1.aaaaaaaabaz6j6dhn45lnzn5d5qhraeirtu4ahzfgpvacz32afke33qfnwda",
            "display_name": "cloudbuilder-subnet",
            "dns_label": null,
            "freeform_tags": {},
            "id": "ocid1.subnet.oc1.sa-saopaulo-1.aaaaaaaac3flysanm6igrpatjczvnympl5ntmd4kfatddjcwfx6iiq4ewnvq",
            "ipv6cidr_block": null,
            "ipv6cidr_blocks": [],
            "ipv6virtual_router_ip": null,
            "prohibit_internet_ingress": false,
            "prohibit_public_ip_on_vnic": false,
            "route_table_id": "ocid1.routetable.oc1.sa-saopaulo-1.aaaaaaaajupi4t2oe54ta7uqcwx6fi7jsxkxl47vufgmjhht4c56st322lna",
            "security_list_ids": [
              "ocid1.securitylist.oc1.sa-saopaulo-1.aaaaaaaahdmbev7cub35iu753qgafcvbzq3bhierpprbs6ak5gukowahoula"
            ],
            "state": "AVAILABLE",
            "subnet_domain_name": null,
            "time_created": "2026-07-08 20:45:00.538 +0000 UTC",
            "timeouts": null,
            "vcn_id": "ocid1.vcn.oc1.sa-saopaulo-1.amaaaaaa5m3zpcaaqxj7e2zejw7zvvijphcfickjr4ump565b32s4vgwtrnq",
            "virtual_router_ip": "10.0.10.1",
            "virtual_router_mac": "00:00:17:26:15:28"
          },
          "sensitive_attributes": [],
          "identity_schema_version": 0,
          "private": "eyJlMmJmYjczMC1lY2FhLTExZTYtOGY4OC0zNDM2M2JjN2M0YzAiOnsiY3JlYXRlIjoxMjAwMDAwMDAwMDAwLCJkZWxldGUiOjEyMDAwMDAwMDAwMDAsInVwZGF0ZSI6MTIwMDAwMDAwMDAwMH19",
          "dependencies": [
            "data.oci_identity_availability_domains.ads",
            "oci_core_security_list.cloudbuilder",
            "oci_core_vcn.cloudbuilder"
          ]
        }
      ]
    },
    {
      "mode": "managed",
      "type": "oci_core_vcn",
      "name": "cloudbuilder",
      "provider": "provider[\"registry.terraform.io/oracle/oci\"]",
      "instances": [
        {
          "schema_version": 0,
          "attributes": {
            "byoipv6cidr_blocks": [],
            "byoipv6cidr_details": [],
            "cidr_block": "10.0.0.0/16",
            "cidr_blocks": [
              "10.0.0.0/16"
            ],
            "compartment_id": "ocid1.tenancy.oc1..aaaaaaaa3wdvrobn2k7rjh6wjyvv5xdnihdvqiylhsnq3acsjdeh4kpnutua",
            "default_dhcp_options_id": "ocid1.dhcpoptions.oc1.sa-saopaulo-1.aaaaaaaabaz6j6dhn45lnzn5d5qhraeirtu4ahzfgpvacz32afke33qfnwda",
            "default_route_table_id": "ocid1.routetable.oc1.sa-saopaulo-1.aaaaaaaajupi4t2oe54ta7uqcwx6fi7jsxkxl47vufgmjhht4c56st322lna",
            "default_security_list_id": "ocid1.securitylist.oc1.sa-saopaulo-1.aaaaaaaazzja53blucxxgtpl3i7yqmafhtwlb3u5ss7s2r5aymw624llyjha",
            "defined_tags": {
              "Oracle-Tags.CreatedBy": "default/mateusalvesbassanelli@gmail.com",
              "Oracle-Tags.CreatedOn": "2026-02-08T22:56:44.420Z"
            },
            "display_name": "cs2-vcn",
            "dns_label": null,
            "freeform_tags": {},
            "id": "ocid1.vcn.oc1.sa-saopaulo-1.amaaaaaa5m3zpcaaqxj7e2zejw7zvvijphcfickjr4ump565b32s4vgwtrnq",
            "ipv6cidr_blocks": [],
            "ipv6private_cidr_blocks": [],
            "is_ipv6enabled": false,
            "is_oracle_gua_allocation_enabled": null,
            "security_attributes": {},
            "state": "AVAILABLE",
            "time_created": "2026-02-08 22:56:44.488 +0000 UTC",
            "timeouts": null,
            "vcn_domain_name": null
          },
          "sensitive_attributes": [],
          "identity_schema_version": 0,
          "private": "eyJlMmJmYjczMC1lY2FhLTExZTYtOGY4OC0zNDM2M2JjN2M0YzAiOnsiY3JlYXRlIjoxMjAwMDAwMDAwMDAwLCJkZWxldGUiOjEyMDAwMDAwMDAwMDAsInVwZGF0ZSI6MTIwMDAwMDAwMDAwMH0sInNjaGVtYV92ZXJzaW9uIjoiMCJ9"
        }
      ]
    }
  ],
  "check_results": null
}
