{
  "version": 4,
  "terraform_version": "1.14.6",
  "serial": 23,
  "lineage": "e4179dee-1583-1c63-685a-c8be7fa234ee",
  "outputs": {
    "api_url": {
      "value": "http://147.15.84.52:8080/api/v1",
      "type": "string"
    },
    "frontend_url": {
      "value": "http://147.15.84.52:3000",
      "type": "string"
    },
    "instance_public_ip": {
      "value": "147.15.84.52",
      "type": "string"
    },
    "ssh_command": {
      "value": "ssh -i ~/.ssh/oci_key ubuntu@147.15.84.52",
      "type": "string"
    },
    "ssh_private_key": {
      "value": "",
      "type": "string",
      "sensitive": true
    }
  },
  "resources": [
    {
      "mode": "data",
      "type": "oci_core_images",
      "name": "ubuntu",
      "provider": "provider[\"registry.terraform.io/oracle/oci\"]",
      "instances": [
        {
          "schema_version": 0,
          "attributes": {
            "compartment_id": "ocid1.tenancy.oc1..aaaaaaaa3wdvrobn2k7rjh6wjyvv5xdnihdvqiylhsnq3acsjdeh4kpnutua",
            "display_name": null,
            "filter": null,
            "id": "CoreImagesDataSource-3174829493",
            "images": [
              {
                "agent_features": [],
                "base_image_id": "",
                "billable_size_in_gbs": "3",
                "compartment_id": "",
                "create_image_allowed": true,
                "defined_tags": {},
                "display_name": "Canonical-Ubuntu-22.04-2026.04.30-1",
                "freeform_tags": {},
                "id": "ocid1.image.oc1.sa-saopaulo-1.aaaaaaaa2virbsrj3q6sabzgnucegdrgqspk5zaj7ijqfckhln5yssfke4da",
                "image_source_details": [],
                "instance_id": "",
                "launch_mode": "NATIVE",
                "launch_options": [
                  {
                    "boot_volume_type": "PARAVIRTUALIZED",
                    "firmware": "UEFI_64",
                    "is_consistent_volume_naming_enabled": true,
                    "is_pv_encryption_in_transit_enabled": true,
                    "network_type": "PARAVIRTUALIZED",
                    "remote_data_volume_type": "PARAVIRTUALIZED"
                  }
                ],
                "listing_type": "",
                "operating_system": "Canonical Ubuntu",
                "operating_system_version": "22.04",
                "size_in_mbs": "47694",
                "state": "AVAILABLE",
                "time_created": "2026-05-06 02:23:59.379 +0000 UTC"
              },
              {
                "agent_features": [],
                "base_image_id": "",
                "billable_size_in_gbs": "3",
                "compartment_id": "",
                "create_image_allowed": true,
                "defined_tags": {},
                "display_name": "Canonical-Ubuntu-22.04-2026.03.31-0",
                "freeform_tags": {},
                "id": "ocid1.image.oc1.sa-saopaulo-1.aaaaaaaa7u66p4in2d6zo7xgt7cxqkac2kdo3wkb7senj7xfpucv2f4anooa",
                "image_source_details": [],
                "instance_id": "",
                "launch_mode": "NATIVE",
                "launch_options": [
                  {
                    "boot_volume_type": "PARAVIRTUALIZED",
                    "firmware": "UEFI_64",
                    "is_consistent_volume_naming_enabled": true,
                    "is_pv_encryption_in_transit_enabled": true,
                    "network_type": "PARAVIRTUALIZED",
                    "remote_data_volume_type": "PARAVIRTUALIZED"
                  }
                ],
                "listing_type": "",
                "operating_system": "Canonical Ubuntu",
                "operating_system_version": "22.04",
                "size_in_mbs": "47694",
                "state": "AVAILABLE",
                "time_created": "2026-04-22 15:40:24.249 +0000 UTC"
              },
              {
                "agent_features": [],
                "base_image_id": "",
                "billable_size_in_gbs": "3",
                "compartment_id": "",
                "create_image_allowed": true,
                "defined_tags": {},
                "display_name": "Canonical-Ubuntu-22.04-2026.02.28-0",
                "freeform_tags": {},
                "id": "ocid1.image.oc1.sa-saopaulo-1.aaaaaaaagbb3ikg7maknou7bnigb34coc3hbgthknlfluaj4qypvnxkexsba",
                "image_source_details": [],
                "instance_id": "",
                "launch_mode": "NATIVE",
                "launch_options": [
                  {
                    "boot_volume_type": "PARAVIRTUALIZED",
                    "firmware": "UEFI_64",
                    "is_consistent_volume_naming_enabled": true,
                    "is_pv_encryption_in_transit_enabled": true,
                    "network_type": "PARAVIRTUALIZED",
                    "remote_data_volume_type": "PARAVIRTUALIZED"
                  }
                ],
                "listing_type": "",
                "operating_system": "Canonical Ubuntu",
                "operating_system_version": "22.04",
                "size_in_mbs": "47694",
                "state": "AVAILABLE",
                "time_created": "2026-03-04 22:45:23.238 +0000 UTC"
              }
            ],
            "operating_system": "Canonical Ubuntu",
            "operating_system_version": "22.04",
            "shape": "VM.Standard.E2.1.Micro",
            "sort_by": "TIMECREATED",
            "sort_order": "DESC",
            "state": null
          },
          "sensitive_attributes": [],
          "identity_schema_version": 0
        }
      ]
    },
    {
      "mode": "data",
      "type": "oci_identity_availability_domains",
      "name": "ads",
      "provider": "provider[\"registry.terraform.io/oracle/oci\"]",
      "instances": [
        {
          "schema_version": 0,
          "attributes": {
            "availability_domains": [
              {
                "compartment_id": "ocid1.tenancy.oc1..aaaaaaaa3wdvrobn2k7rjh6wjyvv5xdnihdvqiylhsnq3acsjdeh4kpnutua",
                "id": "ocid1.availabilitydomain.oc1..aaaaaaaay5nesbty7quxigdwtp7axotkcglzi43jvfrnwvbv4dgjerqwxf5a",
                "name": "HRgG:SA-SAOPAULO-1-AD-1"
              }
            ],
            "compartment_id": "ocid1.tenancy.oc1..aaaaaaaa3wdvrobn2k7rjh6wjyvv5xdnihdvqiylhsnq3acsjdeh4kpnutua",
            "filter": null,
            "id": "IdentityAvailabilityDomainsDataSource-3261357860"
          },
          "sensitive_attributes": [],
          "identity_schema_version": 0
        }
      ]
    },
    {
      "mode": "managed",
      "type": "oci_core_instance",
      "name": "cloudbuilder",
      "provider": "provider[\"registry.terraform.io/oracle/oci\"]",
      "instances": [
        {
          "schema_version": 0,
          "attributes": {
            "agent_config": [
              {
                "are_all_plugins_disabled": false,
                "is_management_disabled": false,
                "is_monitoring_disabled": false,
                "plugins_config": []
              }
            ],
            "async": null,
            "availability_config": [
              {
                "is_live_migration_preferred": false,
                "recovery_action": "RESTORE_INSTANCE"
              }
            ],
            "availability_domain": "HRgG:SA-SAOPAULO-1-AD-1",
            "boot_volume_id": "ocid1.bootvolume.oc1.sa-saopaulo-1.abtxeljr4j5vncmnulgim6qintlz5yss2w56qjt5cge6hhnwpvjvziwgdkra",
            "capacity_reservation_id": null,
            "cluster_placement_group_id": null,
            "compartment_id": "ocid1.tenancy.oc1..aaaaaaaa3wdvrobn2k7rjh6wjyvv5xdnihdvqiylhsnq3acsjdeh4kpnutua",
            "compute_cluster_id": null,
            "create_vnic_details": [
              {
                "assign_ipv6ip": false,
                "assign_private_dns_record": false,
                "assign_public_ip": "true",
                "defined_tags": {
                  "Oracle-Tags.CreatedBy": "default/mateusalvesbassanelli@gmail.com",
                  "Oracle-Tags.CreatedOn": "2026-07-08T20:52:09.237Z"
                },
                "display_name": "cloudbuilder-beta",
                "freeform_tags": {},
                "hostname_label": "",
                "ipv6address_ipv6subnet_cidr_pair_details": [],
                "nsg_ids": [],
                "private_ip": "10.0.10.13",
                "security_attributes": {},
                "skip_source_dest_check": false,
                "subnet_id": "ocid1.subnet.oc1.sa-saopaulo-1.aaaaaaaac3flysanm6igrpatjczvnympl5ntmd4kfatddjcwfx6iiq4ewnvq",
                "vlan_id": ""
              }
            ],
            "dedicated_vm_host_id": null,
            "defined_tags": {
              "Oracle-Tags.CreatedBy": "default/mateusalvesbassanelli@gmail.com",
              "Oracle-Tags.CreatedOn": "2026-07-08T20:52:09.137Z"
            },
            "display_name": "cloudbuilder-beta",
            "extended_metadata": {},
            "fault_domain": "FAULT-DOMAIN-1",
            "freeform_tags": {},
            "hostname_label": "",
            "id": "ocid1.instance.oc1.sa-saopaulo-1.antxeljr5m3zpcacj53fjtuvqksnp7keapyd4uqiezhyfmkz3ofap3xxrkhq",
            "image": "ocid1.image.oc1.sa-saopaulo-1.aaaaaaaa2virbsrj3q6sabzgnucegdrgqspk5zaj7ijqfckhln5yssfke4da",
            "instance_configuration_id": null,
            "instance_options": [
              {
                "are_legacy_imds_endpoints_disabled": false
              }
            ],
            "ipxe_script": null,
            "is_cross_numa_node": false,
            "is_pv_encryption_in_transit_enabled": null,
            "launch_mode": "PARAVIRTUALIZED",
            "launch_options": [
              {
                "boot_volume_type": "PARAVIRTUALIZED",
                "firmware": "UEFI_64",
                "is_consistent_volume_naming_enabled": true,
                "is_pv_encryption_in_transit_enabled": false,
                "network_type": "PARAVIRTUALIZED",
                "remote_data_volume_type": "PARAVIRTUALIZED"
              }
            ],
            "launch_volume_attachments": null,
            "licensing_configs": [],
            "metadata": {
              "ssh_authorized_keys": "ssh-rsa AAAAB3NzaC1yc2EAAAADAQABAAACAQDctNlUHBwel+dv+k0folRMQwKVT3lfurwPpBuplf9leX16CZkAIGlbGW9oFpTGSIZjLIzH/vwwXmHVr2difSh/KDWf3G/Wo8x6cWNopNhXt/Uqz5uCc2ZqQ3o++F7KzJxJzHCjf0Mofw4y+Z3wyFI8Zf/esel0tPJWddQy9RMtEhRaQzwEGyVkZWSHAJKOJKwFvh40JifFT/GB1xdtS1nR2/jqt4pHKF84i7wFqqpUNPGerQjeDIxIxZoBlPjOZorLlp0mk7noPpgMBkI1w7niDzIacuikIEV5i11dlY8LgSgEV90Bg1w6QRBGlIq/aJAVRw2uo4UNUKk7MxVhL694ZuhvxxwfNXScTmgaMu+Uf4g4hS9oEcPSh22KHPUYxTdtQXncm2qIKzlNn78vohbHXdULmjxw8AJzhoe79FUnajpHmTnLz2kkzapgwR1zfRjvkKJyiducn8O2j+wwZ48iuKMtrXD730KUo5QQYcHnOuHKxJWGAnOuiprOQsFYHThO6LdgyyY0PbzE18hJs+2KYORIRC+Lnb/h8yimPc48nWazfQ5aD53383kUO28tPZdPjUCeiJmfDJ3Sy5PgvmHMVgdDQkB7rcWR2noseqoJDZWSaFByWjyet4YJB3v3K7Oqb3UxvBTWWYU98ob1YbqZ1JGGOrOgMDSjPBKjsvaGJQ== Mateus Alves Bassane@SAIFORAOU",
              "user_data": "IyEvYmluL2Jhc2gKIyDilZDilZDilZDilZDilZDilZDilZDilZDilZDilZDilZDilZDilZDilZDilZDilZDilZDilZDilZDilZDilZDilZDilZDilZDilZDilZDilZDilZDilZDilZDilZDilZDilZDilZDilZDilZDilZDilZDilZDilZDilZDilZDilZDilZDilZDilZDilZDilZDilZDilZDilZDilZDilZDilZDilZDilZDilZDilZDilZDilZDilZDilZDilZDilZDilZDilZDilZDilZDilZDilZDilZDilZDilZDilZDilZAKIyBDbG91ZEJ1aWxkZXIg4oCUIENsb3VkLUluaXQgU2NyaXB0CiMg4pWQ4pWQ4pWQ4pWQ4pWQ4pWQ4pWQ4pWQ4pWQ4pWQ4pWQ4pWQ4pWQ4pWQ4pWQ4pWQ4pWQ4pWQ4pWQ4pWQ4pWQ4pWQ4pWQ4pWQ4pWQ4pWQ4pWQ4pWQ4pWQ4pWQ4pWQ4pWQ4pWQ4pWQ4pWQ4pWQ4pWQ4pWQ4pWQ4pWQ4pWQ4pWQ4pWQ4pWQ4pWQ4pWQ4pWQ4pWQ4pWQ4pWQ4pWQ4pWQ4pWQ4pWQ4pWQ4pWQ4pWQ4pWQ4pWQ4pWQ4pWQ4pWQ4pWQ4pWQ4pWQ4pWQ4pWQ4pWQ4pWQ4pWQ4pWQ4pWQ4pWQ4pWQ4pWQCiMgUnVucyBvbiBmaXJzdCBib290IHZpYSBUZXJyYWZvcm0gdXNlcl9kYXRhLgojIEluc3RhbGxzIERvY2tlciwgY2xvbmVzIHJlcG8sIHN0YXJ0cyBzZXJ2aWNlcy4KIyDilZDilZDilZDilZDilZDilZDilZDilZDilZDilZDilZDilZDilZDilZDilZDilZDilZDilZDilZDilZDilZDilZDilZDilZDilZDilZDilZDilZDilZDilZDilZDilZDilZDilZDilZDilZDilZDilZDilZDilZDilZDilZDilZDilZDilZDilZDilZDilZDilZDilZDilZDilZDilZDilZDilZDilZDilZDilZDilZDilZDilZDilZDilZDilZDilZDilZDilZDilZDilZDilZDilZDilZDilZDilZDilZAKCnNldCAtZQoKTE9HPSIvdmFyL2xvZy9jbG91ZGJ1aWxkZXItc2V0dXAubG9nIgpleGVjID4gPih0ZWUgLWEgJExPRykgMj4mMQoKZWNobyAi4pWQ4pWQ4pWQ4pWQ4pWQ4pWQ4pWQ4pWQ4pWQ4pWQ4pWQ4pWQ4pWQ4pWQ4pWQ4pWQ4pWQ4pWQ4pWQ4pWQ4pWQ4pWQ4pWQ4pWQ4pWQ4pWQ4pWQ4pWQ4pWQ4pWQ4pWQ4pWQ4pWQ4pWQ4pWQ4pWQ4pWQ4pWQ4pWQ4pWQ4pWQ4pWQ4pWQ4pWQ4pWQ4pWQ4pWQ4pWQ4pWQ4pWQ4pWQ4pWQ4pWQ4pWQ4pWQ4pWQ4pWQ4pWQ4pWQ4pWQ4pWQ4pWQ4pWQIgplY2hvICIgIENsb3VkQnVpbGRlciDigJQgQ2xvdWQtSW5pdCBTdGFydGluZyIKZWNobyAiICAkKGRhdGUgLXUgKyIlWS0lbS0lZFQlSDolTTolU1oiKSIKZWNobyAi4pWQ4pWQ4pWQ4pWQ4pWQ4pWQ4pWQ4pWQ4pWQ4pWQ4pWQ4pWQ4pWQ4pWQ4pWQ4pWQ4pWQ4pWQ4pWQ4pWQ4pWQ4pWQ4pWQ4pWQ4pWQ4pWQ4pWQ4pWQ4pWQ4pWQ4pWQ4pWQ4pWQ4pWQ4pWQ4pWQ4pWQ4pWQ4pWQ4pWQ4pWQ4pWQ4pWQ4pWQ4pWQ4pWQ4pWQ4pWQ4pWQ4pWQ4pWQ4pWQ4pWQ4pWQ4pWQ4pWQ4pWQ4pWQ4pWQ4pWQ4pWQ4pWQ4pWQIgoKIyDilIDilIDilIAgMS4gU3lzdGVtIFVwZGF0ZSDilIDilIDilIDilIDilIDilIDilIDilIDilIDilIDilIDilIDilIDilIDilIDilIDilIDilIDilIDilIDilIDilIDilIDilIDilIDilIDilIDilIDilIDilIDilIDilIDilIDilIDilIDilIDilIDilIDilIDilIDilIDilIDilIDilIDilIDilIDilIDilIDilIDilIDilIDilIDilIDilIDilIAKZWNobyAiIgplY2hvICLilrYgWzEvOF0gVXBkYXRpbmcgc3lzdGVtLi4uIgphcHQtZ2V0IHVwZGF0ZSAtcXEKYXB0LWdldCB1cGdyYWRlIC15IC1xcQoKIyDilIDilIDilIAgMi4gSW5zdGFsbCBEZXBlbmRlbmNpZXMg4pSA4pSA4pSA4pSA4pSA4pSA4pSA4pSA4pSA4pSA4pSA4pSA4pSA4pSA4pSA4pSA4pSA4pSA4pSA4pSA4pSA4pSA4pSA4pSA4pSA4pSA4pSA4pSA4pSA4pSA4pSA4pSA4pSA4pSA4pSA4pSA4pSA4pSA4pSA4pSA4pSA4pSA4pSA4pSA4pSA4pSA4pSACmVjaG8gIiIKZWNobyAi4pa2IFsyLzhdIEluc3RhbGxpbmcgZGVwZW5kZW5jaWVzLi4uIgphcHQtZ2V0IGluc3RhbGwgLXkgLXFxIFwKICAgIGN1cmwgXAogICAgd2dldCBcCiAgICBnaXQgXAogICAganEgXAogICAgb3BlbnNzbCBcCiAgICBjYS1jZXJ0aWZpY2F0ZXMgXAogICAgZ251cGcgXAogICAgbHNiLXJlbGVhc2UKCiMg4pSA4pSA4pSAIDMuIEluc3RhbGwgRG9ja2VyIOKUgOKUgOKUgOKUgOKUgOKUgOKUgOKUgOKUgOKUgOKUgOKUgOKUgOKUgOKUgOKUgOKUgOKUgOKUgOKUgOKUgOKUgOKUgOKUgOKUgOKUgOKUgOKUgOKUgOKUgOKUgOKUgOKUgOKUgOKUgOKUgOKUgOKUgOKUgOKUgOKUgOKUgOKUgOKUgOKUgOKUgOKUgOKUgOKUgOKUgOKUgOKUgOKUgAplY2hvICIiCmVjaG8gIuKWtiBbMy84XSBJbnN0YWxsaW5nIERvY2tlci4uLiIKaWYgY29tbWFuZCAtdiBkb2NrZXIgJj4gL2Rldi9udWxsOyB0aGVuCiAgICBlY2hvICIgIERvY2tlciBhbHJlYWR5IGluc3RhbGxlZCIKZWxzZQogICAgY3VybCAtZnNTTCBodHRwczovL2dldC5kb2NrZXIuY29tIHwgc2gKICAgIHVzZXJtb2QgLWFHIGRvY2tlciB1YnVudHUKICAgIHN5c3RlbWN0bCBlbmFibGUgZG9ja2VyCiAgICBzeXN0ZW1jdGwgc3RhcnQgZG9ja2VyCiAgICBlY2hvICIgIERvY2tlciBpbnN0YWxsZWQ6ICQoZG9ja2VyIC0tdmVyc2lvbikiCmZpCgojIOKUgOKUgOKUgCA0LiBJbnN0YWxsIERvY2tlciBDb21wb3NlIFBsdWdpbiDilIDilIDilIDilIDilIDilIDilIDilIDilIDilIDilIDilIDilIDilIDilIDilIDilIDilIDilIDilIDilIDilIDilIDilIDilIDilIDilIDilIDilIDilIDilIDilIDilIDilIDilIDilIDilIDilIAKZWNobyAiIgplY2hvICLilrYgWzQvOF0gSW5zdGFsbGluZyBEb2NrZXIgQ29tcG9zZSBwbHVnaW4uLi4iCmlmIGRvY2tlciBjb21wb3NlIHZlcnNpb24gJj4gL2Rldi9udWxsOyB0aGVuCiAgICBlY2hvICIgIERvY2tlciBDb21wb3NlIGFscmVhZHkgaW5zdGFsbGVkIgplbHNlCiAgICBhcHQtZ2V0IGluc3RhbGwgLXkgZG9ja2VyLWNvbXBvc2UtcGx1Z2luCmZpCgojIOKUgOKUgOKUgCA1LiBJbnN0YWxsIENsb3VkZmxhcmUgVHVubmVsIOKUgOKUgOKUgOKUgOKUgOKUgOKUgOKUgOKUgOKUgOKUgOKUgOKUgOKUgOKUgOKUgOKUgOKUgOKUgOKUgOKUgOKUgOKUgOKUgOKUgOKUgOKUgOKUgOKUgOKUgOKUgOKUgOKUgOKUgOKUgOKUgOKUgOKUgOKUgOKUgOKUgOKUgAplY2hvICIiCmVjaG8gIuKWtiBbNS84XSBJbnN0YWxsaW5nIGNsb3VkZmxhcmVkLi4uIgppZiBjb21tYW5kIC12IGNsb3VkZmxhcmVkICY+IC9kZXYvbnVsbDsgdGhlbgogICAgZWNobyAiICBjbG91ZGZsYXJlZCBhbHJlYWR5IGluc3RhbGxlZCIKZWxzZQogICAgY3VybCAtZnNTTCBodHRwczovL2dpdGh1Yi5jb20vY2xvdWRmbGFyZS9jbG91ZGZsYXJlZC9yZWxlYXNlcy9sYXRlc3QvZG93bmxvYWQvY2xvdWRmbGFyZWQtbGludXgtYXJtNjQgXAogICAgICAgIC1vIC91c3IvbG9jYWwvYmluL2Nsb3VkZmxhcmVkCiAgICBjaG1vZCAreCAvdXNyL2xvY2FsL2Jpbi9jbG91ZGZsYXJlZAogICAgZWNobyAiICBjbG91ZGZsYXJlZCBpbnN0YWxsZWQ6ICQoY2xvdWRmbGFyZWQgLS12ZXJzaW9uKSIKZmkKCiMg4pSA4pSA4pSAIDYuIENsb25lIFJlcG9zaXRvcnkg4pSA4pSA4pSA4pSA4pSA4pSA4pSA4pSA4pSA4pSA4pSA4pSA4pSA4pSA4pSA4pSA4pSA4pSA4pSA4pSA4pSA4pSA4pSA4pSA4pSA4pSA4pSA4pSA4pSA4pSA4pSA4pSA4pSA4pSA4pSA4pSA4pSA4pSA4pSA4pSA4pSA4pSA4pSA4pSA4pSA4pSA4pSA4pSA4pSA4pSACmVjaG8gIiIKZWNobyAi4pa2IFs2LzhdIENsb25pbmcgQ2xvdWRCdWlsZGVyLi4uIgppZiBbIC1kICIvb3B0L2Nsb3VkYnVpbGRlciIgXTsgdGhlbgogICAgZWNobyAiICBSZXBvc2l0b3J5IGV4aXN0cywgcHVsbGluZyBsYXRlc3QuLi4iCiAgICBjZCAvb3B0L2Nsb3VkYnVpbGRlciAmJiBnaXQgcHVsbAplbHNlCiAgICBnaXQgY2xvbmUgaHR0cHM6Ly9naXRodWIuY29tL1lPVVJfVVNFUi9DbG91ZEJ1aWxkZXIuZ2l0IC9vcHQvY2xvdWRidWlsZGVyCiAgICBjZCAvb3B0L2Nsb3VkYnVpbGRlcgpmaQoKIyDilIDilIDilIAgNy4gR2VuZXJhdGUgU2VjcmV0cyDilIDilIDilIDilIDilIDilIDilIDilIDilIDilIDilIDilIDilIDilIDilIDilIDilIDilIDilIDilIDilIDilIDilIDilIDilIDilIDilIDilIDilIDilIDilIDilIDilIDilIDilIDilIDilIDilIDilIDilIDilIDilIDilIDilIDilIDilIDilIDilIDilIDilIAKZWNobyAiIgplY2hvICLilrYgWzcvOF0gR2VuZXJhdGluZyBzZWNyZXRzLi4uIgppZiBbICEgLWYgIi9vcHQvY2xvdWRidWlsZGVyLy5lbnYiIF07IHRoZW4KICAgIEpXVF9TRUNSRVQ9JChvcGVuc3NsIHJhbmQgLWJhc2U2NCA2NCB8IHRyIC1kICdcbicpCiAgICBFTkNSWVBUSU9OX0tFWT0kKG9wZW5zc2wgcmFuZCAtYmFzZTY0IDY0IHwgdHIgLWQgJ1xuJykKICAgIERCX1BBU1NXT1JEPSQob3BlbnNzbCByYW5kIC1iYXNlNjQgMzIgfCB0ciAtZCAnXG4nKQogICAgSldUX1NFQ1JFVD0kKG9wZW5zc2wgcmFuZCAtYmFzZTY0IDY0IHwgdHIgLWQgJ1xuJykKCiAgICBjYXQgPiAvb3B0L2Nsb3VkYnVpbGRlci8uZW52IDw8IEVOVkVPRgojIENsb3VkQnVpbGRlciBCZXRhIOKAlCBBdXRvLWdlbmVyYXRlZCAkKGRhdGUgLXUgKyIlWS0lbS0lZFQlSDolTTolU1oiKQpKV1RfU0VDUkVUPSRKV1RfU0VDUkVUCkNMT1VEQlVJTERFUl9FTkNSWVBUSU9OX0tFWT0kRU5DUllQVElPTl9LRVkKREJfUEFTU1dPUkQ9JERCX1BBU1NXT1JEClNQUklOR19QUk9GSUxFU19BQ1RJVkU9YmV0YQpFTlZFT0YKCiAgICBjaG1vZCA2MDAgL29wdC9jbG91ZGJ1aWxkZXIvLmVudgogICAgZWNobyAiICBTZWNyZXRzIGdlbmVyYXRlZCIKZWxzZQogICAgZWNobyAiICAuZW52IGFscmVhZHkgZXhpc3RzIgpmaQoKIyDilIDilIDilIAgOC4gU3RhcnQgU2VydmljZXMg4pSA4pSA4pSA4pSA4pSA4pSA4pSA4pSA4pSA4pSA4pSA4pSA4pSA4pSA4pSA4pSA4pSA4pSA4pSA4pSA4pSA4pSA4pSA4pSA4pSA4pSA4pSA4pSA4pSA4pSA4pSA4pSA4pSA4pSA4pSA4pSA4pSA4pSA4pSA4pSA4pSA4pSA4pSA4pSA4pSA4pSA4pSA4pSA4pSA4pSA4pSA4pSACmVjaG8gIiIKZWNobyAi4pa2IFs4LzhdIEJ1aWxkaW5nIGFuZCBzdGFydGluZyBDbG91ZEJ1aWxkZXIuLi4iCmNkIC9vcHQvY2xvdWRidWlsZGVyCgojIEJ1aWxkIGFuZCBzdGFydCBhbGwgc2VydmljZXMKZG9ja2VyIGNvbXBvc2UgdXAgLWQgLS1idWlsZAoKIyBXYWl0IGZvciBiYWNrZW5kIHRvIGJlIGhlYWx0aHkKZWNobyAiV2FpdGluZyBmb3IgYmFja2VuZCB0byBiZSBoZWFsdGh5Li4uIgpmb3IgaSBpbiAkKHNlcSAxIDYwKTsgZG8KICAgIGlmIGN1cmwgLXNmIGh0dHA6Ly9sb2NhbGhvc3Q6ODA4MC9hY3R1YXRvci9oZWFsdGggPiAvZGV2L251bGwgMj4mMTsgdGhlbgogICAgICAgIGVjaG8gIiAgQmFja2VuZCBpcyBoZWFsdGh5ISIKICAgICAgICBicmVhawogICAgZmkKICAgIHNsZWVwIDUKICAgIGVjaG8gIiAgV2FpdGluZy4uLiAoJGkvNjApIgpkb25lCgojIOKUgOKUgOKUgCBTdGFydCBDbG91ZGZsYXJlIFR1bm5lbCAoYmFja2dyb3VuZCkg4pSA4pSA4pSA4pSA4pSA4pSA4pSA4pSA4pSA4pSA4pSA4pSA4pSA4pSA4pSA4pSA4pSA4pSA4pSA4pSA4pSA4pSA4pSA4pSA4pSA4pSA4pSA4pSA4pSA4pSA4pSA4pSA4pSA4pSACmVjaG8gIiIKZWNobyAiU3RhcnRpbmcgQ2xvdWRmbGFyZSB0dW5uZWwuLi4iCm5vaHVwIGNsb3VkZmxhcmVkIHR1bm5lbCAtLXVybCBodHRwOi8vbG9jYWxob3N0OjMwMDAgPiAvdmFyL2xvZy9jbG91ZGJ1aWxkZXItdHVubmVsLmxvZyAyPiYxICYKVFVOTkVMX1BJRD0kIQplY2hvICIgIFR1bm5lbCBQSUQ6ICRUVU5ORUxfUElEIgoKIyBFeHRyYWN0IHR1bm5lbCBVUkwKc2xlZXAgMTAKVFVOTkVMX1VSTD0kKGdyZXAgLW9QICdodHRwczovL1thLXowLTktXStcLnRyeWNsb3VkZmxhcmVcLmNvbScgL3Zhci9sb2cvY2xvdWRidWlsZGVyLXR1bm5lbC5sb2cgfCBoZWFkIC0xKQoKZWNobyAiIgplY2hvICLilZDilZDilZDilZDilZDilZDilZDilZDilZDilZDilZDilZDilZDilZDilZDilZDilZDilZDilZDilZDilZDilZDilZDilZDilZDilZDilZDilZDilZDilZDilZDilZDilZDilZDilZDilZDilZDilZDilZDilZDilZDilZDilZDilZDilZDilZDilZDilZDilZDilZDilZDilZDilZDilZDilZDilZDilZDilZDilZDilZDilZDilZDilZAiCmVjaG8gIiAgQ2xvdWRCdWlsZGVyIERlcGxveSBDb21wbGV0ZSEiCmVjaG8gIuKVkOKVkOKVkOKVkOKVkOKVkOKVkOKVkOKVkOKVkOKVkOKVkOKVkOKVkOKVkOKVkOKVkOKVkOKVkOKVkOKVkOKVkOKVkOKVkOKVkOKVkOKVkOKVkOKVkOKVkOKVkOKVkOKVkOKVkOKVkOKVkOKVkOKVkOKVkOKVkOKVkOKVkOKVkOKVkOKVkOKVkOKVkOKVkOKVkOKVkOKVkOKVkOKVkOKVkOKVkOKVkOKVkOKVkOKVkOKVkOKVkOKVkOKVkCIKZWNobyAiIgplY2hvICIgIExvY2FsOiAgICBodHRwOi8vbG9jYWxob3N0OjMwMDAiCmVjaG8gIiAgUHVibGljOiAgICRUVU5ORUxfVVJMIgplY2hvICIgIEFQSTogICAgICBodHRwOi8vJChjdXJsIC1zIGlmY29uZmlnLm1lKTo4MDgwL2FwaS92MSIKZWNobyAiIgplY2hvICIgIFNTSDogICAgICBzc2ggdWJ1bnR1QCQoY3VybCAtcyBpZmNvbmZpZy5tZSkiCmVjaG8gIiIKZWNobyAiICBMb2dzOiAgICAgZG9ja2VyIGNvbXBvc2UgbG9ncyAtZiIKZWNobyAiICBTdGF0dXM6ICAgZG9ja2VyIGNvbXBvc2UgcHMiCmVjaG8gIiAgU3RvcDogICAgIGRvY2tlciBjb21wb3NlIGRvd24iCmVjaG8gIuKVkOKVkOKVkOKVkOKVkOKVkOKVkOKVkOKVkOKVkOKVkOKVkOKVkOKVkOKVkOKVkOKVkOKVkOKVkOKVkOKVkOKVkOKVkOKVkOKVkOKVkOKVkOKVkOKVkOKVkOKVkOKVkOKVkOKVkOKVkOKVkOKVkOKVkOKVkOKVkOKVkOKVkOKVkOKVkOKVkOKVkOKVkOKVkOKVkOKVkOKVkOKVkOKVkOKVkOKVkOKVkOKVkOKVkOKVkOKVkOKVkOKVkOKVkCIKCiMgV3JpdGUgVVJMIHRvIGEgZmlsZSBmb3IgZWFzeSBhY2Nlc3MKZWNobyAiJFRVTk5FTF9VUkwiID4gL29wdC9jbG91ZGJ1aWxkZXIvVFVOTkVMX1VSTAo="
            },
            "platform_config": [],
            "preemptible_instance_config": [],
            "preserve_boot_volume": null,
            "preserve_data_volumes_created_at_launch": null,
            "private_ip": "10.0.10.13",
            "public_ip": "147.15.84.52",
            "region": "sa-saopaulo-1",
            "security_attributes": {},
            "security_attributes_state": "STABLE",
            "shape": "VM.Standard.E2.1.Micro",
            "shape_config": [
              {
                "baseline_ocpu_utilization": "",
                "gpu_description": "",
                "gpus": 0,
                "local_disk_description": "",
                "local_disks": 0,
                "local_disks_total_size_in_gbs": 0,
                "max_vnic_attachments": 1,
                "memory_in_gbs": 1,
                "networking_bandwidth_in_gbps": 0.47999998927116394,
                "nvmes": 0,
                "ocpus": 1,
                "processor_description": "2.0 GHz AMD EPYC™ 7551 (Naples)",
                "vcpus": 2
              }
            ],
            "source_details": [
              {
                "boot_volume_size_in_gbs": "100",
                "boot_volume_vpus_per_gb": "10",
                "instance_source_image_filter_details": [],
                "is_preserve_boot_volume_enabled": false,
                "kms_key_id": "",
                "source_id": "ocid1.image.oc1.sa-saopaulo-1.aaaaaaaa2virbsrj3q6sabzgnucegdrgqspk5zaj7ijqfckhln5yssfke4da",
                "source_type": "image"
              }
            ],
            "state": "RUNNING",
            "subnet_id": "ocid1.subnet.oc1.sa-saopaulo-1.aaaaaaaac3flysanm6igrpatjczvnympl5ntmd4kfatddjcwfx6iiq4ewnvq",
            "system_tags": {
              "orcl-cloud.free-tier-retained": "true"
            },
            "time_created": "2026-07-08 20:52:09.709 +0000 UTC",
            "time_maintenance_reboot_due": "",
            "timeouts": null,
            "update_operation_constraint": null
          },
          "sensitive_attributes": [],
          "identity_schema_version": 0,
          "private": "eyJlMmJmYjczMC1lY2FhLTExZTYtOGY4OC0zNDM2M2JjN2M0YzAiOnsiY3JlYXRlIjoyNzAwMDAwMDAwMDAwLCJkZWxldGUiOjQ1MDAwMDAwMDAwMDAsInVwZGF0ZSI6MjcwMDAwMDAwMDAwMH19",
          "dependencies": [
            "data.oci_core_images.ubuntu",
            "data.oci_identity_availability_domains.ads",
            "oci_core_security_list.cloudbuilder",
            "oci_core_subnet.cloudbuilder",
            "oci_core_vcn.cloudbuilder",
            "tls_private_key.ssh"
          ]
        }
      ]
    },
    {
      "mode": "managed",
      "type": "oci_core_security_list",
      "name": "cloudbuilder",
      "provider": "provider[\"registry.terraform.io/oracle/oci\"]",
      "instances": [
        {
          "schema_version": 0,
          "attributes": {
            "compartment_id": "ocid1.tenancy.oc1..aaaaaaaa3wdvrobn2k7rjh6wjyvv5xdnihdvqiylhsnq3acsjdeh4kpnutua",
            "defined_tags": {
              "Oracle-Tags.CreatedBy": "default/mateusalvesbassanelli@gmail.com",
              "Oracle-Tags.CreatedOn": "2026-07-08T20:44:36.378Z"
            },
            "display_name": "cloudbuilder-sl",
            "egress_security_rules": [
              {
                "description": "",
                "destination": "0.0.0.0/0",
                "destination_type": "CIDR_BLOCK",
                "icmp_options": [],
                "protocol": "all",
                "stateless": false,
                "tcp_options": [],
                "udp_options": []
              }
            ],
            "freeform_tags": {},
            "id": "ocid1.securitylist.oc1.sa-saopaulo-1.aaaaaaaahdmbev7cub35iu753qgafcvbzq3bhierpprbs6ak5gukowahoula",
            "ingress_security_rules": [
              {
                "description": "",
                "icmp_options": [],
                "protocol": "17",
                "source": "0.0.0.0/0",
                "source_type": "CIDR_BLOCK",
                "stateless": false,
                "tcp_options": [],
                "udp_options": [
                  {
                    "max": 8765,
                    "min": 8765,
                    "source_port_range": []
                  }
                ]
              },
              {
                "description": "",
                "icmp_options": [],
                "protocol": "6",
                "source": "0.0.0.0/0",
                "source_type": "CIDR_BLOCK",
                "stateless": false,
                "tcp_options": [
                  {
                    "max": 22,
                    "min": 22,
                    "source_port_range": []
                  }
                ],
                "udp_options": []
              },
              {
                "description": "",
                "icmp_options": [],
                "protocol": "6",
                "source": "0.0.0.0/0",
                "source_type": "CIDR_BLOCK",
                "stateless": false,
                "tcp_options": [
                  {
                    "max": 3000,
                    "min": 3000,
                    "source_port_range": []
                  }
                ],
                "udp_options": []
              },
              {
                "description": "",
                "icmp_options": [],
                "protocol": "6",
                "source": "0.0.0.0/0",
                "source_type": "CIDR_BLOCK",
                "stateless": false,
                "tcp_options": [
                  {
                    "max": 443,
                    "min": 443,
                    "source_port_range": []
                  }
                ],
                "udp_options": []
              },
              {
                "description": "",
                "icmp_options": [],
                "protocol": "6",
                "source": "0.0.0.0/0",
                "source_type": "CIDR_BLOCK",
                "stateless": false,
                "tcp_options": [
                  {
                    "max": 80,
                    "min": 80,
                    "source_port_range": []
                  }
                ],
                "udp_options": []
              },
              {
                "description": "",
                "icmp_options": [],
                "protocol": "6",
                "source": "0.0.0.0/0",
                "source_type": "CIDR_BLOCK",
                "stateless": false,
                "tcp_options": [
                  {
                    "max": 8765,
                    "min": 8765,
                    "source_port_range": []
                  }
                ],
                "udp_options": []
              }
            ],
            "state": "AVAILABLE",
            "time_created": "2026-07-08 20:44:36.411 +0000 UTC",
            "timeouts": null,
            "vcn_id": "ocid1.vcn.oc1.sa-saopaulo-1.amaaaaaa5m3zpcaaqxj7e2zejw7zvvijphcfickjr4ump565b32s4vgwtrnq"
          },
          "sensitive_attributes": [],
          "identity_schema_version": 0,
          "private": "eyJlMmJmYjczMC1lY2FhLTExZTYtOGY4OC0zNDM2M2JjN2M0YzAiOnsiY3JlYXRlIjoxMjAwMDAwMDAwMDAwLCJkZWxldGUiOjEyMDAwMDAwMDAwMDAsInVwZGF0ZSI6MTIwMDAwMDAwMDAwMH19",
          "dependencies": [
            "oci_core_vcn.cloudbuilder"
          ]
        }
      ]
    },
    {
      "mode": "managed",
      "type": "oci_core_subnet",
      "name": "cloudbuilder",
      "provider": "provider[\"registry.terraform.io/oracle/oci\"]",
      "instances": [
        {
          "schema_version": 0,
          "attributes": {
            "availability_domain": "HRgG:SA-SAOPAULO-1-AD-1",
            "cidr_block": "10.0.10.0/24",
            "compartment_id": "ocid1.tenancy.oc1..aaaaaaaa3wdvrobn2k7rjh6wjyvv5xdnihdvqiylhsnq3acsjdeh4kpnutua",
            "defined_tags": {
              "Oracle-Tags.CreatedBy": "default/mateusalvesbassanelli@gmail.com",
              "Oracle-Tags.CreatedOn": "2026-07-08T20:45:00.501Z"
            },
            "dhcp_options_id": "ocid1.dhcpoptions.oc1.sa-saopaulo-1.aaaaaaaabaz6j6dhn45lnzn5d5qhraeirtu4ahzfgpvacz32afke33qfnwda",
            "display_name": "cloudbuilder-subnet",
            "dns_label": null,
            "freeform_tags": {},
            "id": "ocid1.subnet.oc1.sa-saopaulo-1.aaaaaaaac3flysanm6igrpatjczvnympl5ntmd4kfatddjcwfx6iiq4ewnvq",
            "ipv6cidr_block": null,
            "ipv6cidr_blocks": [],
            "ipv6virtual_router_ip": null,
            "prohibit_internet_ingress": false,
            "prohibit_public_ip_on_vnic": false,
            "route_table_id": "ocid1.routetable.oc1.sa-saopaulo-1.aaaaaaaajupi4t2oe54ta7uqcwx6fi7jsxkxl47vufgmjhht4c56st322lna",
            "security_list_ids": [
              "ocid1.securitylist.oc1.sa-saopaulo-1.aaaaaaaahdmbev7cub35iu753qgafcvbzq3bhierpprbs6ak5gukowahoula"
            ],
            "state": "AVAILABLE",
            "subnet_domain_name": null,
            "time_created": "2026-07-08 20:45:00.538 +0000 UTC",
            "timeouts": null,
            "vcn_id": "ocid1.vcn.oc1.sa-saopaulo-1.amaaaaaa5m3zpcaaqxj7e2zejw7zvvijphcfickjr4ump565b32s4vgwtrnq",
            "virtual_router_ip": "10.0.10.1",
            "virtual_router_mac": "00:00:17:26:15:28"
          },
          "sensitive_attributes": [],
          "identity_schema_version": 0,
          "private": "eyJlMmJmYjczMC1lY2FhLTExZTYtOGY4OC0zNDM2M2JjN2M0YzAiOnsiY3JlYXRlIjoxMjAwMDAwMDAwMDAwLCJkZWxldGUiOjEyMDAwMDAwMDAwMDAsInVwZGF0ZSI6MTIwMDAwMDAwMDAwMH19",
          "dependencies": [
            "data.oci_identity_availability_domains.ads",
            "oci_core_security_list.cloudbuilder",
            "oci_core_vcn.cloudbuilder"
          ]
        }
      ]
    },
    {
      "mode": "managed",
      "type": "oci_core_vcn",
      "name": "cloudbuilder",
      "provider": "provider[\"registry.terraform.io/oracle/oci\"]",
      "instances": [
        {
          "schema_version": 0,
          "attributes": {
            "byoipv6cidr_blocks": [],
            "byoipv6cidr_details": [],
            "cidr_block": "10.0.0.0/16",
            "cidr_blocks": [
              "10.0.0.0/16"
            ],
            "compartment_id": "ocid1.tenancy.oc1..aaaaaaaa3wdvrobn2k7rjh6wjyvv5xdnihdvqiylhsnq3acsjdeh4kpnutua",
            "default_dhcp_options_id": "ocid1.dhcpoptions.oc1.sa-saopaulo-1.aaaaaaaabaz6j6dhn45lnzn5d5qhraeirtu4ahzfgpvacz32afke33qfnwda",
            "default_route_table_id": "ocid1.routetable.oc1.sa-saopaulo-1.aaaaaaaajupi4t2oe54ta7uqcwx6fi7jsxkxl47vufgmjhht4c56st322lna",
            "default_security_list_id": "ocid1.securitylist.oc1.sa-saopaulo-1.aaaaaaaazzja53blucxxgtpl3i7yqmafhtwlb3u5ss7s2r5aymw624llyjha",
            "defined_tags": {
              "Oracle-Tags.CreatedBy": "default/mateusalvesbassanelli@gmail.com",
              "Oracle-Tags.CreatedOn": "2026-02-08T22:56:44.420Z"
            },
            "display_name": "cs2-vcn",
            "dns_label": null,
            "freeform_tags": {},
            "id": "ocid1.vcn.oc1.sa-saopaulo-1.amaaaaaa5m3zpcaaqxj7e2zejw7zvvijphcfickjr4ump565b32s4vgwtrnq",
            "ipv6cidr_blocks": [],
            "ipv6private_cidr_blocks": [],
            "is_ipv6enabled": false,
            "is_oracle_gua_allocation_enabled": null,
            "security_attributes": {},
            "state": "AVAILABLE",
            "time_created": "2026-02-08 22:56:44.488 +0000 UTC",
            "timeouts": null,
            "vcn_domain_name": null
          },
          "sensitive_attributes": [],
          "identity_schema_version": 0,
          "private": "eyJlMmJmYjczMC1lY2FhLTExZTYtOGY4OC0zNDM2M2JjN2M0YzAiOnsiY3JlYXRlIjoxMjAwMDAwMDAwMDAwLCJkZWxldGUiOjEyMDAwMDAwMDAwMDAsInVwZGF0ZSI6MTIwMDAwMDAwMDAwMH0sInNjaGVtYV92ZXJzaW9uIjoiMCJ9"
        }
      ]
    }
  ],
  "check_results": null
}
